
Microsoft Visual Studio Solution File, Format Version 12.00
# Visual Studio Version 17
VisualStudioVersion = 17.12.35323.107
MinimumVisualStudioVersion = 10.0.40219.1
Project("{FAE04EC0-301F-11D3-BF4B-00C04F79EFBC}") = "1_hystorian_hysteria", "1_hystorian_hysteria\1_hystorian_hysteria.csproj", "{E38597D9-DDF4-4F20-A74E-C147582F8902}"
EndProject
Project("{FAE04EC0-301F-11D3-BF4B-00C04F79EFBC}") = "2_red-nosed_reports", "2_red-nosed_reports\2_red-nosed_reports.csproj", "{E093609A-3409-473B-B9E3-C0FB1108FBB9}"
EndProject
Project("{FAE04EC0-301F-11D3-BF4B-00C04F79EFBC}") = "3_mull_it_over", "3_mull_it_over\3_mull_it_over.csproj", "{2469F232-6A23-41B9-8658-D2024B4D2ADE}"
EndProject
Project("{FAE04EC0-301F-11D3-BF4B-00C04F79EFBC}") = "4_ceres_search", "4_ceres_search\4_ceres_search.csproj", "{B525C023-FCC4-4071-BF17-9AC73ADA84BD}"
EndProject
Project("{FAE04EC0-301F-11D3-BF4B-00C04F79EFBC}") = "5_print_queue", "5_print_queue\5_print_queue.csproj", "{D81E6F9A-4F99-4896-AB89-AA69107899BF}"
EndProject
Project("{FAE04EC0-301F-11D3-BF4B-00C04F79EFBC}") = "6_guard_gallivant", "6_guard_gallivant\6_guard_gallivant.csproj", "{BEB0A9F6-18CC-4CA2-AF7A-877CE085BF7F}"
EndProject
Global
	GlobalSection(SolutionConfigurationPlatforms) = preSolution
		Debug|Any CPU = Debug|Any CPU
		Release|Any CPU = Release|Any CPU
	EndGlobalSection
	GlobalSection(ProjectConfigurationPlatforms) = postSolution
		{E38597D9-DDF4-4F20-A74E-C147582F8902}.Debug|Any CPU.ActiveCfg = Debug|Any CPU
		{E38597D9-DDF4-4F20-A74E-C147582F8902}.Debug|Any CPU.Build.0 = Debug|Any CPU
		{E38597D9-DDF4-4F20-A74E-C147582F8902}.Release|Any CPU.ActiveCfg = Release|Any CPU
		{E38597D9-DDF4-4F20-A74E-C147582F8902}.Release|Any CPU.Build.0 = Release|Any CPU
		{E093609A-3409-473B-B9E3-C0FB1108FBB9}.Debug|Any CPU.ActiveCfg = Debug|Any CPU
		{E093609A-3409-473B-B9E3-C0FB1108FBB9}.Debug|Any CPU.Build.0 = Debug|Any CPU
		{E093609A-3409-473B-B9E3-C0FB1108FBB9}.Release|Any CPU.ActiveCfg = Release|Any CPU
		{E093609A-3409-473B-B9E3-C0FB1108FBB9}.Release|Any CPU.Build.0 = Release|Any CPU
		{2469F232-6A23-41B9-8658-D2024B4D2ADE}.Debug|Any CPU.ActiveCfg = Debug|Any CPU
		{2469F232-6A23-41B9-8658-D2024B4D2ADE}.Debug|Any CPU.Build.0 = Debug|Any CPU
		{2469F232-6A23-41B9-8658-D2024B4D2ADE}.Release|Any CPU.ActiveCfg = Release|Any CPU
		{2469F232-6A23-41B9-8658-D2024B4D2ADE}.Release|Any CPU.Build.0 = Release|Any CPU
		{B525C023-FCC4-4071-BF17-9AC73ADA84BD}.Debug|Any CPU.ActiveCfg = Debug|Any CPU
		{B525C023-FCC4-4071-BF17-9AC73ADA84BD}.Debug|Any CPU.Build.0 = Debug|Any CPU
		{B525C023-FCC4-4071-BF17-9AC73ADA84BD}.Release|Any CPU.ActiveCfg = Release|Any CPU
		{B525C023-FCC4-4071-BF17-9AC73ADA84BD}.Release|Any CPU.Build.0 = Release|Any CPU
		{D81E6F9A-4F99-4896-AB89-AA69107899BF}.Debug|Any CPU.ActiveCfg = Debug|Any CPU
		{D81E6F9A-4F99-4896-AB89-AA69107899BF}.Debug|Any CPU.Build.0 = Debug|Any CPU
		{D81E6F9A-4F99-4896-AB89-AA69107899BF}.Release|Any CPU.ActiveCfg = Release|Any CPU
		{D81E6F9A-4F99-4896-AB89-AA69107899BF}.Release|Any CPU.Build.0 = Release|Any CPU
		{BEB0A9F6-18CC-4CA2-AF7A-877CE085BF7F}.Debug|Any CPU.ActiveCfg = Debug|Any CPU
		{BEB0A9F6-18CC-4CA2-AF7A-877CE085BF7F}.Debug|Any CPU.Build.0 = Debug|Any CPU
		{BEB0A9F6-18CC-4CA2-AF7A-877CE085BF7F}.Release|Any CPU.ActiveCfg = Release|Any CPU
		{BEB0A9F6-18CC-4CA2-AF7A-877CE085BF7F}.Release|Any CPU.Build.0 = Release|Any CPU
	EndGlobalSection
	GlobalSection(SolutionProperties) = preSolution
		HideSolutionNode = FALSE
	EndGlobalSection
	GlobalSection(ExtensibilityGlobals) = postSolution
		SolutionGuid = {09EDE021-E3EC-45C7-9DCF-8205023DBFA0}
	EndGlobalSection
EndGlobal
